
Microsoft Visual Studio Solution File, Format Version 12.00
# Visual Studio Version 16
VisualStudioVersion = 16.0.29926.136
MinimumVisualStudioVersion = 10.0.40219.1
Project("{9A19103F-16F7-4668-BE54-9A1E7A4F7556}") = "Apontador.API", "Apontador.API\Apontador.API.csproj", "{F858A2C4-E48E-4A0B-8482-50DD7E96F3E9}"
EndProject
Project("{E53339B2-1760-4266-BCC7-CA923CBCF16C}") = "docker-compose", "docker-compose.dcproj", "{21F7E8D0-BFA7-40ED-A473-0D3BA32EF40D}"
EndProject
Project("{FAE04EC0-301F-11D3-BF4B-00C04F79EFBC}") = "Apontador.API.Tests", "Apontador.API.Tests\Apontador.API.Tests.csproj", "{4E3E9E3E-2045-4E85-9874-CF1946276036}"
EndProject
Global
	GlobalSection(SolutionConfigurationPlatforms) = preSolution
		Debug|Any CPU = Debug|Any CPU
		Release|Any CPU = Release|Any CPU
	EndGlobalSection
	GlobalSection(ProjectConfigurationPlatforms) = postSolution
		{F858A2C4-E48E-4A0B-8482-50DD7E96F3E9}.Debug|Any CPU.ActiveCfg = Debug|Any CPU
		{F858A2C4-E48E-4A0B-8482-50DD7E96F3E9}.Debug|Any CPU.Build.0 = Debug|Any CPU
		{F858A2C4-E48E-4A0B-8482-50DD7E96F3E9}.Release|Any CPU.ActiveCfg = Release|Any CPU
		{F858A2C4-E48E-4A0B-8482-50DD7E96F3E9}.Release|Any CPU.Build.0 = Release|Any CPU
		{21F7E8D0-BFA7-40ED-A473-0D3BA32EF40D}.Debug|Any CPU.ActiveCfg = Debug|Any CPU
		{21F7E8D0-BFA7-40ED-A473-0D3BA32EF40D}.Debug|Any CPU.Build.0 = Debug|Any CPU
		{21F7E8D0-BFA7-40ED-A473-0D3BA32EF40D}.Release|Any CPU.ActiveCfg = Release|Any CPU
		{21F7E8D0-BFA7-40ED-A473-0D3BA32EF40D}.Release|Any CPU.Build.0 = Release|Any CPU
		{4E3E9E3E-2045-4E85-9874-CF1946276036}.Debug|Any CPU.ActiveCfg = Debug|Any CPU
		{4E3E9E3E-2045-4E85-9874-CF1946276036}.Debug|Any CPU.Build.0 = Debug|Any CPU
		{4E3E9E3E-2045-4E85-9874-CF1946276036}.Release|Any CPU.ActiveCfg = Release|Any CPU
		{4E3E9E3E-2045-4E85-9874-CF1946276036}.Release|Any CPU.Build.0 = Release|Any CPU
	EndGlobalSection
	GlobalSection(SolutionProperties) = preSolution
		HideSolutionNode = FALSE
	EndGlobalSection
	GlobalSection(ExtensibilityGlobals) = postSolution
		SolutionGuid = {C5F62388-63B9-48CC-89CF-003FC3FF8FCD}
	EndGlobalSection
EndGlobal
